
Microsoft Visual Studio Solution File, Format Version 12.00
# Visual Studio 2013
VisualStudioVersion = 12.0.31101.0
MinimumVisualStudioVersion = 10.0.40219.1
Project("{2150E333-8FDC-42A3-9474-1A3956D46DE8}") = "Application", "Application", "{4E98F9FC-3BBE-4072-90A2-A9C9F3B71251}"
EndProject
Project("{2150E333-8FDC-42A3-9474-1A3956D46DE8}") = "Infrastructure", "Infrastructure", "{18E068D9-897E-4745-8CDF-46C7DA5DFFF5}"
EndProject
Project("{2150E333-8FDC-42A3-9474-1A3956D46DE8}") = "Test", "Test", "{BDC8D970-435A-48CA-B10B-4FA35FD3455C}"
EndProject
Project("{FAE04EC0-301F-11D3-BF4B-00C04F79EFBC}") = "Apis", "Application\Apis\Apis.csproj", "{D3294B21-0144-4820-80B1-524F8E34082F}"
EndProject
Project("{FAE04EC0-301F-11D3-BF4B-00C04F79EFBC}") = "CommandHandlers", "Application\CommandHandlers\CommandHandlers.csproj", "{3D026220-C11C-4D80-8880-F87EED78726C}"
EndProject
Project("{FAE04EC0-301F-11D3-BF4B-00C04F79EFBC}") = "Commands", "Application\Commands\Commands.csproj", "{CEFF7F17-1EE7-4C2C-9AF4-5DA972019F72}"
EndProject
Project("{FAE04EC0-301F-11D3-BF4B-00C04F79EFBC}") = "Domain", "Application\Domain\Domain.csproj", "{CF7967AC-D56B-439E-A238-34211026AAF0}"
EndProject
Project("{FAE04EC0-301F-11D3-BF4B-00C04F79EFBC}") = "EventHandlers", "Application\EventHandlers\EventHandlers.csproj", "{37339C81-CF93-4ED7-B0CC-97B2160295B0}"
EndProject
Project("{FAE04EC0-301F-11D3-BF4B-00C04F79EFBC}") = "Events", "Application\Events\Events.csproj", "{AA4D0E2B-4904-41FC-A492-A82BD451F484}"
EndProject
Project("{FAE04EC0-301F-11D3-BF4B-00C04F79EFBC}") = "Hubs", "Application\Hubs\Hubs.csproj", "{46B4FEFC-8063-4B4D-8127-EF7009FF9DC5}"
EndProject
Project("{FAE04EC0-301F-11D3-BF4B-00C04F79EFBC}") = "Presentation", "Application\Presentation\Presentation.csproj", "{AA8B8753-17EC-4450-A4B8-84D3680F0C51}"
EndProject
Project("{FAE04EC0-301F-11D3-BF4B-00C04F79EFBC}") = "Queries", "Application\Queries\Queries.csproj", "{59D2CC02-D8EE-4EC1-9FDA-8C18DE3F96BA}"
EndProject
Project("{FAE04EC0-301F-11D3-BF4B-00C04F79EFBC}") = "ReadModels", "Application\ReadModels\ReadModels.csproj", "{BB01056D-956E-4C6F-B8CD-BEAFCC7B4571}"
EndProject
Project("{FAE04EC0-301F-11D3-BF4B-00C04F79EFBC}") = "Core", "Infrastructure\Core\Core.csproj", "{2E6B3A2C-D8CD-4791-9FA4-1F8F67E294E1}"
EndProject
Project("{FAE04EC0-301F-11D3-BF4B-00C04F79EFBC}") = "Security", "Infrastructure\Security\Security.csproj", "{1510CA0D-FA33-4E9C-B48B-F45ACF0DF188}"
EndProject
Project("{FAE04EC0-301F-11D3-BF4B-00C04F79EFBC}") = "Utility", "Infrastructure\Utility\Utility.csproj", "{DAB31023-E1F1-4065-ADB3-B76BE514B99A}"
EndProject
Project("{FAE04EC0-301F-11D3-BF4B-00C04F79EFBC}") = "CommandValidation", "Application\CommandValidation\CommandValidation.csproj", "{70754DA2-40D7-48D7-8352-8DA103B5FFEB}"
EndProject
Project("{FAE04EC0-301F-11D3-BF4B-00C04F79EFBC}") = "DataAccess", "Application\DataAccess\DataAccess.csproj", "{5C7B6AEB-81F0-4FD9-BB7A-7E0D4DAAAC27}"
EndProject
Project("{FAE04EC0-301F-11D3-BF4B-00C04F79EFBC}") = "Core.Test", "Core.Test\Core.Test.csproj", "{40FEA0AA-CF16-4A69-8B93-56AE5E17565E}"
EndProject
Global
	GlobalSection(SolutionConfigurationPlatforms) = preSolution
		Debug|Any CPU = Debug|Any CPU
		Release|Any CPU = Release|Any CPU
	EndGlobalSection
	GlobalSection(ProjectConfigurationPlatforms) = postSolution
		{D3294B21-0144-4820-80B1-524F8E34082F}.Debug|Any CPU.ActiveCfg = Debug|Any CPU
		{D3294B21-0144-4820-80B1-524F8E34082F}.Debug|Any CPU.Build.0 = Debug|Any CPU
		{D3294B21-0144-4820-80B1-524F8E34082F}.Release|Any CPU.ActiveCfg = Release|Any CPU
		{D3294B21-0144-4820-80B1-524F8E34082F}.Release|Any CPU.Build.0 = Release|Any CPU
		{3D026220-C11C-4D80-8880-F87EED78726C}.Debug|Any CPU.ActiveCfg = Debug|Any CPU
		{3D026220-C11C-4D80-8880-F87EED78726C}.Debug|Any CPU.Build.0 = Debug|Any CPU
		{3D026220-C11C-4D80-8880-F87EED78726C}.Release|Any CPU.ActiveCfg = Release|Any CPU
		{3D026220-C11C-4D80-8880-F87EED78726C}.Release|Any CPU.Build.0 = Release|Any CPU
		{CEFF7F17-1EE7-4C2C-9AF4-5DA972019F72}.Debug|Any CPU.ActiveCfg = Debug|Any CPU
		{CEFF7F17-1EE7-4C2C-9AF4-5DA972019F72}.Debug|Any CPU.Build.0 = Debug|Any CPU
		{CEFF7F17-1EE7-4C2C-9AF4-5DA972019F72}.Release|Any CPU.ActiveCfg = Release|Any CPU
		{CEFF7F17-1EE7-4C2C-9AF4-5DA972019F72}.Release|Any CPU.Build.0 = Release|Any CPU
		{CF7967AC-D56B-439E-A238-34211026AAF0}.Debug|Any CPU.ActiveCfg = Debug|Any CPU
		{CF7967AC-D56B-439E-A238-34211026AAF0}.Debug|Any CPU.Build.0 = Debug|Any CPU
		{CF7967AC-D56B-439E-A238-34211026AAF0}.Release|Any CPU.ActiveCfg = Release|Any CPU
		{CF7967AC-D56B-439E-A238-34211026AAF0}.Release|Any CPU.Build.0 = Release|Any CPU
		{37339C81-CF93-4ED7-B0CC-97B2160295B0}.Debug|Any CPU.ActiveCfg = Debug|Any CPU
		{37339C81-CF93-4ED7-B0CC-97B2160295B0}.Debug|Any CPU.Build.0 = Debug|Any CPU
		{37339C81-CF93-4ED7-B0CC-97B2160295B0}.Release|Any CPU.ActiveCfg = Release|Any CPU
		{37339C81-CF93-4ED7-B0CC-97B2160295B0}.Release|Any CPU.Build.0 = Release|Any CPU
		{AA4D0E2B-4904-41FC-A492-A82BD451F484}.Debug|Any CPU.ActiveCfg = Debug|Any CPU
		{AA4D0E2B-4904-41FC-A492-A82BD451F484}.Debug|Any CPU.Build.0 = Debug|Any CPU
		{AA4D0E2B-4904-41FC-A492-A82BD451F484}.Release|Any CPU.ActiveCfg = Release|Any CPU
		{AA4D0E2B-4904-41FC-A492-A82BD451F484}.Release|Any CPU.Build.0 = Release|Any CPU
		{46B4FEFC-8063-4B4D-8127-EF7009FF9DC5}.Debug|Any CPU.ActiveCfg = Debug|Any CPU
		{46B4FEFC-8063-4B4D-8127-EF7009FF9DC5}.Debug|Any CPU.Build.0 = Debug|Any CPU
		{46B4FEFC-8063-4B4D-8127-EF7009FF9DC5}.Release|Any CPU.ActiveCfg = Release|Any CPU
		{46B4FEFC-8063-4B4D-8127-EF7009FF9DC5}.Release|Any CPU.Build.0 = Release|Any CPU
		{AA8B8753-17EC-4450-A4B8-84D3680F0C51}.Debug|Any CPU.ActiveCfg = Debug|Any CPU
		{AA8B8753-17EC-4450-A4B8-84D3680F0C51}.Debug|Any CPU.Build.0 = Debug|Any CPU
		{AA8B8753-17EC-4450-A4B8-84D3680F0C51}.Release|Any CPU.ActiveCfg = Release|Any CPU
		{AA8B8753-17EC-4450-A4B8-84D3680F0C51}.Release|Any CPU.Build.0 = Release|Any CPU
		{59D2CC02-D8EE-4EC1-9FDA-8C18DE3F96BA}.Debug|Any CPU.ActiveCfg = Debug|Any CPU
		{59D2CC02-D8EE-4EC1-9FDA-8C18DE3F96BA}.Debug|Any CPU.Build.0 = Debug|Any CPU
		{59D2CC02-D8EE-4EC1-9FDA-8C18DE3F96BA}.Release|Any CPU.ActiveCfg = Release|Any CPU
		{59D2CC02-D8EE-4EC1-9FDA-8C18DE3F96BA}.Release|Any CPU.Build.0 = Release|Any CPU
		{BB01056D-956E-4C6F-B8CD-BEAFCC7B4571}.Debug|Any CPU.ActiveCfg = Debug|Any CPU
		{BB01056D-956E-4C6F-B8CD-BEAFCC7B4571}.Debug|Any CPU.Build.0 = Debug|Any CPU
		{BB01056D-956E-4C6F-B8CD-BEAFCC7B4571}.Release|Any CPU.ActiveCfg = Release|Any CPU
		{BB01056D-956E-4C6F-B8CD-BEAFCC7B4571}.Release|Any CPU.Build.0 = Release|Any CPU
		{2E6B3A2C-D8CD-4791-9FA4-1F8F67E294E1}.Debug|Any CPU.ActiveCfg = Debug|Any CPU
		{2E6B3A2C-D8CD-4791-9FA4-1F8F67E294E1}.Debug|Any CPU.Build.0 = Debug|Any CPU
		{2E6B3A2C-D8CD-4791-9FA4-1F8F67E294E1}.Release|Any CPU.ActiveCfg = Release|Any CPU
		{2E6B3A2C-D8CD-4791-9FA4-1F8F67E294E1}.Release|Any CPU.Build.0 = Release|Any CPU
		{1510CA0D-FA33-4E9C-B48B-F45ACF0DF188}.Debug|Any CPU.ActiveCfg = Debug|Any CPU
		{1510CA0D-FA33-4E9C-B48B-F45ACF0DF188}.Debug|Any CPU.Build.0 = Debug|Any CPU
		{1510CA0D-FA33-4E9C-B48B-F45ACF0DF188}.Release|Any CPU.ActiveCfg = Release|Any CPU
		{1510CA0D-FA33-4E9C-B48B-F45ACF0DF188}.Release|Any CPU.Build.0 = Release|Any CPU
		{DAB31023-E1F1-4065-ADB3-B76BE514B99A}.Debug|Any CPU.ActiveCfg = Debug|Any CPU
		{DAB31023-E1F1-4065-ADB3-B76BE514B99A}.Debug|Any CPU.Build.0 = Debug|Any CPU
		{DAB31023-E1F1-4065-ADB3-B76BE514B99A}.Release|Any CPU.ActiveCfg = Release|Any CPU
		{DAB31023-E1F1-4065-ADB3-B76BE514B99A}.Release|Any CPU.Build.0 = Release|Any CPU
		{70754DA2-40D7-48D7-8352-8DA103B5FFEB}.Debug|Any CPU.ActiveCfg = Debug|Any CPU
		{70754DA2-40D7-48D7-8352-8DA103B5FFEB}.Debug|Any CPU.Build.0 = Debug|Any CPU
		{70754DA2-40D7-48D7-8352-8DA103B5FFEB}.Release|Any CPU.ActiveCfg = Release|Any CPU
		{70754DA2-40D7-48D7-8352-8DA103B5FFEB}.Release|Any CPU.Build.0 = Release|Any CPU
		{5C7B6AEB-81F0-4FD9-BB7A-7E0D4DAAAC27}.Debug|Any CPU.ActiveCfg = Debug|Any CPU
		{5C7B6AEB-81F0-4FD9-BB7A-7E0D4DAAAC27}.Debug|Any CPU.Build.0 = Debug|Any CPU
		{5C7B6AEB-81F0-4FD9-BB7A-7E0D4DAAAC27}.Release|Any CPU.ActiveCfg = Release|Any CPU
		{5C7B6AEB-81F0-4FD9-BB7A-7E0D4DAAAC27}.Release|Any CPU.Build.0 = Release|Any CPU
		{40FEA0AA-CF16-4A69-8B93-56AE5E17565E}.Debug|Any CPU.ActiveCfg = Debug|Any CPU
		{40FEA0AA-CF16-4A69-8B93-56AE5E17565E}.Debug|Any CPU.Build.0 = Debug|Any CPU
		{40FEA0AA-CF16-4A69-8B93-56AE5E17565E}.Release|Any CPU.ActiveCfg = Release|Any CPU
		{40FEA0AA-CF16-4A69-8B93-56AE5E17565E}.Release|Any CPU.Build.0 = Release|Any CPU
	EndGlobalSection
	GlobalSection(SolutionProperties) = preSolution
		HideSolutionNode = FALSE
	EndGlobalSection
	GlobalSection(NestedProjects) = preSolution
		{D3294B21-0144-4820-80B1-524F8E34082F} = {4E98F9FC-3BBE-4072-90A2-A9C9F3B71251}
		{3D026220-C11C-4D80-8880-F87EED78726C} = {4E98F9FC-3BBE-4072-90A2-A9C9F3B71251}
		{CEFF7F17-1EE7-4C2C-9AF4-5DA972019F72} = {4E98F9FC-3BBE-4072-90A2-A9C9F3B71251}
		{CF7967AC-D56B-439E-A238-34211026AAF0} = {4E98F9FC-3BBE-4072-90A2-A9C9F3B71251}
		{37339C81-CF93-4ED7-B0CC-97B2160295B0} = {4E98F9FC-3BBE-4072-90A2-A9C9F3B71251}
		{AA4D0E2B-4904-41FC-A492-A82BD451F484} = {4E98F9FC-3BBE-4072-90A2-A9C9F3B71251}
		{46B4FEFC-8063-4B4D-8127-EF7009FF9DC5} = {4E98F9FC-3BBE-4072-90A2-A9C9F3B71251}
		{AA8B8753-17EC-4450-A4B8-84D3680F0C51} = {4E98F9FC-3BBE-4072-90A2-A9C9F3B71251}
		{59D2CC02-D8EE-4EC1-9FDA-8C18DE3F96BA} = {4E98F9FC-3BBE-4072-90A2-A9C9F3B71251}
		{BB01056D-956E-4C6F-B8CD-BEAFCC7B4571} = {4E98F9FC-3BBE-4072-90A2-A9C9F3B71251}
		{2E6B3A2C-D8CD-4791-9FA4-1F8F67E294E1} = {18E068D9-897E-4745-8CDF-46C7DA5DFFF5}
		{1510CA0D-FA33-4E9C-B48B-F45ACF0DF188} = {18E068D9-897E-4745-8CDF-46C7DA5DFFF5}
		{DAB31023-E1F1-4065-ADB3-B76BE514B99A} = {18E068D9-897E-4745-8CDF-46C7DA5DFFF5}
		{70754DA2-40D7-48D7-8352-8DA103B5FFEB} = {4E98F9FC-3BBE-4072-90A2-A9C9F3B71251}
		{5C7B6AEB-81F0-4FD9-BB7A-7E0D4DAAAC27} = {4E98F9FC-3BBE-4072-90A2-A9C9F3B71251}
		{40FEA0AA-CF16-4A69-8B93-56AE5E17565E} = {BDC8D970-435A-48CA-B10B-4FA35FD3455C}
	EndGlobalSection
EndGlobal
